Microsoft Visual Studio Solution File, Format Version 8.00
Project("{8BC9CEB8-8B4A-11D0-8D11-00A0C91BC942}") = "SetTimerService", "SetTimerService.vcproj", "{1B5AA71F-1680-49BF-91D4-FF99313699A5}"
	ProjectSection(ProjectDependencies) = postProject
	EndProjectSection
EndProject
Global
	GlobalSection(SolutionConfiguration) = preSolution
		Debug = Debug
		Release = Release
	EndGlobalSection
	GlobalSection(ProjectDependencies) = postSolution
	EndGlobalSection
	GlobalSection(ProjectConfiguration) = postSolution
		{1B5AA71F-1680-49BF-91D4-FF99313699A5}.Debug.ActiveCfg = Debug|Win32
		{1B5AA71F-1680-49BF-91D4-FF99313699A5}.Debug.Build.0 = Debug|Win32
		{1B5AA71F-1680-49BF-91D4-FF99313699A5}.Release.ActiveCfg = Release|Win32
		{1B5AA71F-1680-49BF-91D4-FF99313699A5}.Release.Build.0 = Release|Win32
	EndGlobalSection
	GlobalSection(ExtensibilityGlobals) = postSolution
	EndGlobalSection
	GlobalSection(ExtensibilityAddIns) = postSolution
	EndGlobalSection
EndGlobal
